
Microsoft Visual Studio Solution File, Format Version 12.00
# Visual Studio Version 17
VisualStudioVersion = 17.8.34330.188
MinimumVisualStudioVersion = 10.0.40219.1
Project("{FAE04EC0-301F-11D3-BF4B-00C04F79EFBC}") = "DiskAnalyzer", "DiskAnalyzer\DiskAnalyzer.csproj", "{EF9A3909-4B03-44D2-81CA-B5EB9D575C0D}"
EndProject
Global
	GlobalSection(SolutionConfigurationPlatforms) = preSolution
		Debug|Any CPU = Debug|Any CPU
		Release|Any CPU = Release|Any CPU
	EndGlobalSection
	GlobalSection(ProjectConfigurationPlatforms) = postSolution
		{EF9A3909-4B03-44D2-81CA-B5EB9D575C0D}.Debug|Any CPU.ActiveCfg = Debug|Any CPU
		{EF9A3909-4B03-44D2-81CA-B5EB9D575C0D}.Debug|Any CPU.Build.0 = Debug|Any CPU
		{EF9A3909-4B03-44D2-81CA-B5EB9D575C0D}.Release|Any CPU.ActiveCfg = Release|Any CPU
		{EF9A3909-4B03-44D2-81CA-B5EB9D575C0D}.Release|Any CPU.Build.0 = Release|Any CPU
	EndGlobalSection
	GlobalSection(SolutionProperties) = preSolution
		HideSolutionNode = FALSE
	EndGlobalSection
	GlobalSection(ExtensibilityGlobals) = postSolution
		SolutionGuid = {8D9AEC3A-3DBE-4BA8-9E8D-71C4F79C6FBF}
	EndGlobalSection
EndGlobal
